
Microsoft Visual Studio Solution File, Format Version 12.00
# Visual Studio Version 16
VisualStudioVersion = 16.0.31019.35
MinimumVisualStudioVersion = 10.0.40219.1
Project("{FAE04EC0-301F-11D3-BF4B-00C04F79EFBC}") = "lesson_3.2", "lesson_3.2\lesson_3.2.csproj", "{6601F400-FA2C-4126-BD1C-2879BAD8BF5D}"
EndProject
Global
	GlobalSection(SolutionConfigurationPlatforms) = preSolution
		Debug|Any CPU = Debug|Any CPU
		Release|Any CPU = Release|Any CPU
	EndGlobalSection
	GlobalSection(ProjectConfigurationPlatforms) = postSolution
		{6601F400-FA2C-4126-BD1C-2879BAD8BF5D}.Debug|Any CPU.ActiveCfg = Debug|Any CPU
		{6601F400-FA2C-4126-BD1C-2879BAD8BF5D}.Debug|Any CPU.Build.0 = Debug|Any CPU
		{6601F400-FA2C-4126-BD1C-2879BAD8BF5D}.Release|Any CPU.ActiveCfg = Release|Any CPU
		{6601F400-FA2C-4126-BD1C-2879BAD8BF5D}.Release|Any CPU.Build.0 = Release|Any CPU
	EndGlobalSection
	GlobalSection(SolutionProperties) = preSolution
		HideSolutionNode = FALSE
	EndGlobalSection
	GlobalSection(ExtensibilityGlobals) = postSolution
		SolutionGuid = {17DD2960-FAD4-40FA-A094-7B23419D1419}
	EndGlobalSection
EndGlobal
